
Microsoft Visual Studio Solution File, Format Version 12.00
# Visual Studio Version 17
VisualStudioVersion = 17.0.31903.59
MinimumVisualStudioVersion = 10.0.40219.1
Project("{2150E333-8FDC-42A3-9474-1A3956D46DE8}") = "services", "services", "{4EFC3A77-181F-4A34-A1D1-DF1F2802A68C}"
EndProject
Project("{2150E333-8FDC-42A3-9474-1A3956D46DE8}") = "agent-service", "agent-service", "{4BDADEE7-856A-4349-9CE2-CF80B5B11C68}"
EndProject
Project("{2150E333-8FDC-42A3-9474-1A3956D46DE8}") = "src", "src", "{497896EB-2B5B-474F-824A-89B5664C52A6}"
EndProject
Project("{FAE04EC0-301F-11D3-BF4B-00C04F79EFBC}") = "AgentService.Api", "services\agent-service\src\AgentService.Api\AgentService.Api.csproj", "{D4483370-9054-4C4A-996A-491F93187742}"
EndProject
Project("{2150E333-8FDC-42A3-9474-1A3956D46DE8}") = "tests", "tests", "{2BB0544C-5AEC-484C-9F1B-C374F6E37FC8}"
EndProject
Project("{FAE04EC0-301F-11D3-BF4B-00C04F79EFBC}") = "AgentService.Api.Tests", "services\agent-service\tests\AgentService.Api.Tests\AgentService.Api.Tests.csproj", "{AE2BE465-60B3-42F3-BC16-A88471058E1A}"
EndProject
Project("{2150E333-8FDC-42A3-9474-1A3956D46DE8}") = "mcp-service", "mcp-service", "{A7E34FDD-F886-4C8C-A29E-01A52B4593A6}"
EndProject
Project("{2150E333-8FDC-42A3-9474-1A3956D46DE8}") = "src", "src", "{36E09AF0-59E0-4402-AF93-53C86BD0CA1C}"
EndProject
Project("{FAE04EC0-301F-11D3-BF4B-00C04F79EFBC}") = "McpService.Api", "services\mcp-service\src\McpService.Api\McpService.Api.csproj", "{8638FEBE-EE94-4115-ACE1-A98D197B5D12}"
EndProject
Project("{2150E333-8FDC-42A3-9474-1A3956D46DE8}") = "tests", "tests", "{E0C55900-78CD-4249-8118-6BD5A52C6A3D}"
EndProject
Project("{FAE04EC0-301F-11D3-BF4B-00C04F79EFBC}") = "McpService.Api.Tests", "services\mcp-service\tests\McpService.Api.Tests\McpService.Api.Tests.csproj", "{E2688090-951C-42F6-BB32-7C838A16FBE4}"
EndProject
Project("{2150E333-8FDC-42A3-9474-1A3956D46DE8}") = "rag-service", "rag-service", "{6942BDE4-54C4-47C4-B239-69AAA93B5AF7}"
EndProject
Project("{2150E333-8FDC-42A3-9474-1A3956D46DE8}") = "src", "src", "{6BFAEDE6-20D9-4422-8272-7CCD773C83DC}"
EndProject
Project("{FAE04EC0-301F-11D3-BF4B-00C04F79EFBC}") = "RagService.Api", "services\rag-service\src\RagService.Api\RagService.Api.csproj", "{255C3083-DDFF-4398-AA30-00FC90955DB4}"
EndProject
Project("{2150E333-8FDC-42A3-9474-1A3956D46DE8}") = "tests", "tests", "{E2600032-F8AC-4264-8EC8-0DA4E3A84E9A}"
EndProject
Project("{FAE04EC0-301F-11D3-BF4B-00C04F79EFBC}") = "RagService.Api.Tests", "services\rag-service\tests\RagService.Api.Tests\RagService.Api.Tests.csproj", "{D690E983-ECF5-4428-B4EE-47B47B34F43C}"
EndProject
Global
	GlobalSection(SolutionConfigurationPlatforms) = preSolution
		Debug|Any CPU = Debug|Any CPU
		Release|Any CPU = Release|Any CPU
	EndGlobalSection
	GlobalSection(SolutionProperties) = preSolution
		HideSolutionNode = FALSE
	EndGlobalSection
	GlobalSection(ProjectConfigurationPlatforms) = postSolution
		{D4483370-9054-4C4A-996A-491F93187742}.Debug|Any CPU.ActiveCfg = Debug|Any CPU
		{D4483370-9054-4C4A-996A-491F93187742}.Debug|Any CPU.Build.0 = Debug|Any CPU
		{D4483370-9054-4C4A-996A-491F93187742}.Release|Any CPU.ActiveCfg = Release|Any CPU
		{D4483370-9054-4C4A-996A-491F93187742}.Release|Any CPU.Build.0 = Release|Any CPU
		{AE2BE465-60B3-42F3-BC16-A88471058E1A}.Debug|Any CPU.ActiveCfg = Debug|Any CPU
		{AE2BE465-60B3-42F3-BC16-A88471058E1A}.Debug|Any CPU.Build.0 = Debug|Any CPU
		{AE2BE465-60B3-42F3-BC16-A88471058E1A}.Release|Any CPU.ActiveCfg = Release|Any CPU
		{AE2BE465-60B3-42F3-BC16-A88471058E1A}.Release|Any CPU.Build.0 = Release|Any CPU
		{8638FEBE-EE94-4115-ACE1-A98D197B5D12}.Debug|Any CPU.ActiveCfg = Debug|Any CPU
		{8638FEBE-EE94-4115-ACE1-A98D197B5D12}.Debug|Any CPU.Build.0 = Debug|Any CPU
		{8638FEBE-EE94-4115-ACE1-A98D197B5D12}.Release|Any CPU.ActiveCfg = Release|Any CPU
		{8638FEBE-EE94-4115-ACE1-A98D197B5D12}.Release|Any CPU.Build.0 = Release|Any CPU
		{E2688090-951C-42F6-BB32-7C838A16FBE4}.Debug|Any CPU.ActiveCfg = Debug|Any CPU
		{E2688090-951C-42F6-BB32-7C838A16FBE4}.Debug|Any CPU.Build.0 = Debug|Any CPU
		{E2688090-951C-42F6-BB32-7C838A16FBE4}.Release|Any CPU.ActiveCfg = Release|Any CPU
		{E2688090-951C-42F6-BB32-7C838A16FBE4}.Release|Any CPU.Build.0 = Release|Any CPU
		{255C3083-DDFF-4398-AA30-00FC90955DB4}.Debug|Any CPU.ActiveCfg = Debug|Any CPU
		{255C3083-DDFF-4398-AA30-00FC90955DB4}.Debug|Any CPU.Build.0 = Debug|Any CPU
		{255C3083-DDFF-4398-AA30-00FC90955DB4}.Release|Any CPU.ActiveCfg = Release|Any CPU
		{255C3083-DDFF-4398-AA30-00FC90955DB4}.Release|Any CPU.Build.0 = Release|Any CPU
		{D690E983-ECF5-4428-B4EE-47B47B34F43C}.Debug|Any CPU.ActiveCfg = Debug|Any CPU
		{D690E983-ECF5-4428-B4EE-47B47B34F43C}.Debug|Any CPU.Build.0 = Debug|Any CPU
		{D690E983-ECF5-4428-B4EE-47B47B34F43C}.Release|Any CPU.ActiveCfg = Release|Any CPU
		{D690E983-ECF5-4428-B4EE-47B47B34F43C}.Release|Any CPU.Build.0 = Release|Any CPU
	EndGlobalSection
	GlobalSection(NestedProjects) = preSolution
		{4BDADEE7-856A-4349-9CE2-CF80B5B11C68} = {4EFC3A77-181F-4A34-A1D1-DF1F2802A68C}
		{497896EB-2B5B-474F-824A-89B5664C52A6} = {4BDADEE7-856A-4349-9CE2-CF80B5B11C68}
		{D4483370-9054-4C4A-996A-491F93187742} = {497896EB-2B5B-474F-824A-89B5664C52A6}
		{2BB0544C-5AEC-484C-9F1B-C374F6E37FC8} = {4BDADEE7-856A-4349-9CE2-CF80B5B11C68}
		{AE2BE465-60B3-42F3-BC16-A88471058E1A} = {2BB0544C-5AEC-484C-9F1B-C374F6E37FC8}
		{A7E34FDD-F886-4C8C-A29E-01A52B4593A6} = {4EFC3A77-181F-4A34-A1D1-DF1F2802A68C}
		{36E09AF0-59E0-4402-AF93-53C86BD0CA1C} = {A7E34FDD-F886-4C8C-A29E-01A52B4593A6}
		{8638FEBE-EE94-4115-ACE1-A98D197B5D12} = {36E09AF0-59E0-4402-AF93-53C86BD0CA1C}
		{E0C55900-78CD-4249-8118-6BD5A52C6A3D} = {A7E34FDD-F886-4C8C-A29E-01A52B4593A6}
		{E2688090-951C-42F6-BB32-7C838A16FBE4} = {E0C55900-78CD-4249-8118-6BD5A52C6A3D}
		{6942BDE4-54C4-47C4-B239-69AAA93B5AF7} = {4EFC3A77-181F-4A34-A1D1-DF1F2802A68C}
		{6BFAEDE6-20D9-4422-8272-7CCD773C83DC} = {6942BDE4-54C4-47C4-B239-69AAA93B5AF7}
		{255C3083-DDFF-4398-AA30-00FC90955DB4} = {6BFAEDE6-20D9-4422-8272-7CCD773C83DC}
		{E2600032-F8AC-4264-8EC8-0DA4E3A84E9A} = {6942BDE4-54C4-47C4-B239-69AAA93B5AF7}
		{D690E983-ECF5-4428-B4EE-47B47B34F43C} = {E2600032-F8AC-4264-8EC8-0DA4E3A84E9A}
	EndGlobalSection
EndGlobal
